<?xml version="1.0" encoding="utf-8"?>
<Project ToolsVersion="4.0" xmlns="http://schemas.microsoft.com/developer/msbuild/2003">
  <ItemGroup>
    <Filter Include="..">
      <UniqueIdentifier>{61705900-4DFC-870B-B6AA-880BA255880B}</UniqueIdentifier>
    </Filter>
    <Filter Include="..\FastEngine">
      <UniqueIdentifier>{B484C4E1-2045-4018-E97F-899555FF84F4}</UniqueIdentifier>
    </Filter>
    <Filter Include="..\FastEngine\ThirdParty">
      <UniqueIdentifier>{EE8424E6-DAA9-7366-03F5-58F6EF787284}</UniqueIdentifier>
    </Filter>
    <Filter Include="..\FastEngine\ThirdParty\EnTT">
      <UniqueIdentifier>{98FE3C74-0417-249E-CDC3-B337399BB837}</UniqueIdentifier>
    </Filter>
    <Filter Include="..\FastEngine\ThirdParty\EnTT\include">
      <UniqueIdentifier>{0B3ECB8C-7702-CA7C-4068-FA46ACEB65B2}</UniqueIdentifier>
    </Filter>
    <Filter Include="..\Intermediate">
      <UniqueIdentifier>{AB63D823-17EF-45E8-2000-C9DC8C0AA2E8}</UniqueIdentifier>
    </Filter>
    <Filter Include="..\Intermediate\Generated">
      <UniqueIdentifier>{0966AF0A-7528-E394-BED8-71212ADABB72}</UniqueIdentifier>
    </Filter>
    <Filter Include="Source">
      <UniqueIdentifier>{56EB95D1-428D-C0A7-2B48-D4FB178947F8}</UniqueIdentifier>
    </Filter>
    <Filter Include="Source\Panels">
      <UniqueIdentifier>{E83E2448-54FF-9F7E-1D3A-E9FB89B9E45A}</UniqueIdentifier>
    </Filter>
  </ItemGroup>
  <ItemGroup>
    <ClInclude Include="..\FastEngine\ThirdParty\EnTT\include\entt.hpp">
      <Filter>..\FastEngine\ThirdParty\EnTT\include</Filter>
    </ClInclude>
    <ClInclude Include="..\Intermediate\Generated\Components_RGen.h">
      <Filter>..\Intermediate\Generated</Filter>
    </ClInclude>
    <ClInclude Include="..\Intermediate\Generated\Entity_RGen.h">
      <Filter>..\Intermediate\Generated</Filter>
    </ClInclude>
    <ClInclude Include="Source\EditorApp.h">
      <Filter>Source</Filter>
    </ClInclude>
    <ClInclude Include="Source\EditorLayer.h">
      <Filter>Source</Filter>
    </ClInclude>
    <ClInclude Include="Source\ObjectTypes.h">
      <Filter>Source</Filter>
    </ClInclude>
    <ClInclude Include="Source\Panels\SceneHierachyPanel.h">
      <Filter>Source\Panels</Filter>
    </ClInclude>
  </ItemGroup>
  <ItemGroup>
    <ClCompile Include="..\Intermediate\Generated\Components_RGen.cpp">
      <Filter>..\Intermediate\Generated</Filter>
    </ClCompile>
    <ClCompile Include="..\Intermediate\Generated\Entity_RGen.cpp">
      <Filter>..\Intermediate\Generated</Filter>
    </ClCompile>
    <ClCompile Include="Source\EditorApp.cpp">
      <Filter>Source</Filter>
    </ClCompile>
    <ClCompile Include="Source\EditorLayer.cpp">
      <Filter>Source</Filter>
    </ClCompile>
    <ClCompile Include="Source\ObjectTypes.cpp">
      <Filter>Source</Filter>
    </ClCompile>
    <ClCompile Include="Source\Panels\SceneHierachyPanel.cpp">
      <Filter>Source\Panels</Filter>
    </ClCompile>
  </ItemGroup>
</Project>