<?xml version="1.0" encoding="utf-8"?>
<Project ToolsVersion="4.0" xmlns="http://schemas.microsoft.com/developer/msbuild/2003">
  <ItemGroup>
    <Filter Include="Intermediate">
      <UniqueIdentifier>{80238354-6C86-12F9-150C-4BAF014EDE7B}</UniqueIdentifier>
    </Filter>
    <Filter Include="Intermediate\Generated">
      <UniqueIdentifier>{1EB437B9-0AAE-600B-F31A-F71BDFB3C677}</UniqueIdentifier>
    </Filter>
    <Filter Include="Source">
      <UniqueIdentifier>{56EB95D1-428D-C0A7-2B48-D4FB178947F8}</UniqueIdentifier>
    </Filter>
    <Filter Include="Source\Core">
      <UniqueIdentifier>{6E95150F-DA4A-8E04-633F-88DBCFF38408}</UniqueIdentifier>
    </Filter>
    <Filter Include="Source\Core\Asset">
      <UniqueIdentifier>{7D243376-E93A-310C-32B2-BC2D9E070294}</UniqueIdentifier>
    </Filter>
    <Filter Include="Source\Core\Events">
      <UniqueIdentifier>{92191B46-7EFD-DB9B-E75D-D6EED360C61D}</UniqueIdentifier>
    </Filter>
    <Filter Include="Source\Core\Input">
      <UniqueIdentifier>{ED1FC176-5936-BF0C-A2AD-4A2E0E039094}</UniqueIdentifier>
    </Filter>
    <Filter Include="Source\Core\Layers">
      <UniqueIdentifier>{6D04FE54-59E8-BEAA-C248-B9FDAE4BA92C}</UniqueIdentifier>
    </Filter>
    <Filter Include="Source\Core\Rendering">
      <UniqueIdentifier>{3B809D38-A7EC-5833-70E0-F090DC0B7B9B}</UniqueIdentifier>
    </Filter>
    <Filter Include="Source\Core\Scene">
      <UniqueIdentifier>{0BDD6F77-77F3-6D0D-C06A-F92E2CC03E95}</UniqueIdentifier>
    </Filter>
    <Filter Include="Source\Core\Utils">
      <UniqueIdentifier>{4E719D77-BA87-9B0D-03FF-262F6F546C95}</UniqueIdentifier>
    </Filter>
    <Filter Include="Source\GUI">
      <UniqueIdentifier>{6AA5C236-565D-0484-BF64-DDDFAB3B9F74}</UniqueIdentifier>
    </Filter>
    <Filter Include="Source\Platforms">
      <UniqueIdentifier>{1D56D288-094F-F1DA-3281-D65F1ED9D0E6}</UniqueIdentifier>
    </Filter>
    <Filter Include="Source\Platforms\RHI">
      <UniqueIdentifier>{CF4835B8-BBD7-BE81-64F6-D27C5064CF27}</UniqueIdentifier>
    </Filter>
    <Filter Include="Source\Platforms\RHI\Vulkan">
      <UniqueIdentifier>{6F77BE4A-DB84-EC30-646B-E81BD077B8E7}</UniqueIdentifier>
    </Filter>
    <Filter Include="Source\Platforms\RHI\Vulkan\vkbootstrap">
      <UniqueIdentifier>{DD4FDA94-49DF-9B7F-52DB-7C97BEE9D68B}</UniqueIdentifier>
    </Filter>
    <Filter Include="ThirdParty">
      <UniqueIdentifier>{107145F9-FC28-8746-6530-60A251072237}</UniqueIdentifier>
    </Filter>
    <Filter Include="ThirdParty\EnTT">
      <UniqueIdentifier>{FACF204C-665B-8E10-6F6C-1105DB76EA10}</UniqueIdentifier>
    </Filter>
    <Filter Include="ThirdParty\EnTT\include">
      <UniqueIdentifier>{6D5193C7-D988-DB5E-E292-3F824E490258}</UniqueIdentifier>
    </Filter>
    <Filter Include="ThirdParty\GLM">
      <UniqueIdentifier>{FF76D211-EB44-C617-D4D8-363EC045A27C}</UniqueIdentifier>
    </Filter>
    <Filter Include="ThirdParty\GLM\GLM">
      <UniqueIdentifier>{6EDC3E14-5AC0-FF69-C320-FABCAF23EAEB}</UniqueIdentifier>
    </Filter>
    <Filter Include="ThirdParty\GLM\GLM\detail">
      <UniqueIdentifier>{70CC524C-DC8E-86D6-253F-156391405FB4}</UniqueIdentifier>
    </Filter>
    <Filter Include="ThirdParty\GLM\GLM\ext">
      <UniqueIdentifier>{CEE62E98-BAE0-57EA-A34D-EEFA8FE6BD56}</UniqueIdentifier>
    </Filter>
    <Filter Include="ThirdParty\GLM\GLM\gtc">
      <UniqueIdentifier>{BBEE2E98-A7E8-57EA-9055-EEFA7CEEBD56}</UniqueIdentifier>
    </Filter>
    <Filter Include="ThirdParty\GLM\GLM\gtx">
      <UniqueIdentifier>{D0EE2E98-BCE8-57EA-A555-EEFA91EEBD56}</UniqueIdentifier>
    </Filter>
    <Filter Include="ThirdParty\SPDLog">
      <UniqueIdentifier>{C83615F6-344D-138C-7DC4-9EADE919E413}</UniqueIdentifier>
    </Filter>
    <Filter Include="ThirdParty\SPDLog\bench">
      <UniqueIdentifier>{1747EED2-837E-366A-8C88-9A8DF83E5D63}</UniqueIdentifier>
    </Filter>
    <Filter Include="ThirdParty\SPDLog\include">
      <UniqueIdentifier>{3BA6B076-A768-E400-F018-738D5C1ABDDE}</UniqueIdentifier>
    </Filter>
    <Filter Include="ThirdParty\SPDLog\include\spdlog">
      <UniqueIdentifier>{13C63B6A-FF16-27AC-287B-156E142BBA15}</UniqueIdentifier>
    </Filter>
    <Filter Include="ThirdParty\SPDLog\include\spdlog\cfg">
      <UniqueIdentifier>{12102210-FEF6-E307-A747-4A25930D5D6E}</UniqueIdentifier>
    </Filter>
    <Filter Include="ThirdParty\SPDLog\include\spdlog\details">
      <UniqueIdentifier>{8819B7BF-7496-AA02-9D13-AB1689EF4696}</UniqueIdentifier>
    </Filter>
    <Filter Include="ThirdParty\SPDLog\include\spdlog\fmt">
      <UniqueIdentifier>{C91D2210-B504-E407-5E55-4A254A1B5D6E}</UniqueIdentifier>
    </Filter>
    <Filter Include="ThirdParty\SPDLog\include\spdlog\fmt\bundled">
      <UniqueIdentifier>{B6F56F91-A208-70EA-4BF2-4CD737E40C38}</UniqueIdentifier>
    </Filter>
    <Filter Include="ThirdParty\SPDLog\include\spdlog\sinks">
      <UniqueIdentifier>{CAB509A2-B607-E191-9F26-1EA28B17FA7A}</UniqueIdentifier>
    </Filter>
    <Filter Include="ThirdParty\SPDLog\tests">
      <UniqueIdentifier>{AA1734D4-164F-7C6B-1F59-E08E8B0FA364}</UniqueIdentifier>
    </Filter>
    <Filter Include="ThirdParty\STBImage">
      <UniqueIdentifier>{6B3C45FF-D79D-220D-600B-69BFCC6B59CC}</UniqueIdentifier>
    </Filter>
    <Filter Include="ThirdParty\STBImage\include">
      <UniqueIdentifier>{DE9E5149-4AAC-7F2F-D392-7B1A3F9F4BE6}</UniqueIdentifier>
    </Filter>
  </ItemGroup>
  <ItemGroup>
    <ClInclude Include="..\Intermediate\Generated\Components_RGen.h">
      <Filter>Intermediate\Generated</Filter>
    </ClInclude>
    <ClInclude Include="..\Intermediate\Generated\Entity_RGen.h">
      <Filter>Intermediate\Generated</Filter>
    </ClInclude>
    <ClInclude Include="Engine.h" />
    <ClInclude Include="EnginePCH.h" />
    <ClInclude Include="Source\Core\Asset\GLTFImporter.h">
      <Filter>Source\Core\Asset</Filter>
    </ClInclude>
    <ClInclude Include="Source\Core\Core.h">
      <Filter>Source\Core</Filter>
    </ClInclude>
    <ClInclude Include="Source\Core\EngineApp.h">
      <Filter>Source\Core</Filter>
    </ClInclude>
    <ClInclude Include="Source\Core\EntryPoint.h">
      <Filter>Source\Core</Filter>
    </ClInclude>
    <ClInclude Include="Source\Core\Events\ApplicationEvent.h">
      <Filter>Source\Core\Events</Filter>
    </ClInclude>
    <ClInclude Include="Source\Core\Events\Event.h">
      <Filter>Source\Core\Events</Filter>
    </ClInclude>
    <ClInclude Include="Source\Core\Events\KeyEvent.h">
      <Filter>Source\Core\Events</Filter>
    </ClInclude>
    <ClInclude Include="Source\Core\Events\MouseEvent.h">
      <Filter>Source\Core\Events</Filter>
    </ClInclude>
    <ClInclude Include="Source\Core\Filesystem.h">
      <Filter>Source\Core</Filter>
    </ClInclude>
    <ClInclude Include="Source\Core\Input\Input.h">
      <Filter>Source\Core\Input</Filter>
    </ClInclude>
    <ClInclude Include="Source\Core\Input\Keycodes.h">
      <Filter>Source\Core\Input</Filter>
    </ClInclude>
    <ClInclude Include="Source\Core\Layers\Layer.h">
      <Filter>Source\Core\Layers</Filter>
    </ClInclude>
    <ClInclude Include="Source\Core\Layers\LayerStack.h">
      <Filter>Source\Core\Layers</Filter>
    </ClInclude>
    <ClInclude Include="Source\Core\Rendering\Buffer.h">
      <Filter>Source\Core\Rendering</Filter>
    </ClInclude>
    <ClInclude Include="Source\Core\Rendering\Camera.h">
      <Filter>Source\Core\Rendering</Filter>
    </ClInclude>
    <ClInclude Include="Source\Core\Rendering\Device.h">
      <Filter>Source\Core\Rendering</Filter>
    </ClInclude>
    <ClInclude Include="Source\Core\Rendering\Material.h">
      <Filter>Source\Core\Rendering</Filter>
    </ClInclude>
    <ClInclude Include="Source\Core\Rendering\Mesh.h">
      <Filter>Source\Core\Rendering</Filter>
    </ClInclude>
    <ClInclude Include="Source\Core\Rendering\PrimitiveRenderer.h">
      <Filter>Source\Core\Rendering</Filter>
    </ClInclude>
    <ClInclude Include="Source\Core\Rendering\Renderer.h">
      <Filter>Source\Core\Rendering</Filter>
    </ClInclude>
    <ClInclude Include="Source\Core\Rendering\RendererAPI.h">
      <Filter>Source\Core\Rendering</Filter>
    </ClInclude>
    <ClInclude Include="Source\Core\Rendering\Shader.h">
      <Filter>Source\Core\Rendering</Filter>
    </ClInclude>
    <ClInclude Include="Source\Core\Scene\Components.h">
      <Filter>Source\Core\Scene</Filter>
    </ClInclude>
    <ClInclude Include="Source\Core\Scene\Entity.h">
      <Filter>Source\Core\Scene</Filter>
    </ClInclude>
    <ClInclude Include="Source\Core\Scene\Scene.h">
      <Filter>Source\Core\Scene</Filter>
    </ClInclude>
    <ClInclude Include="Source\Core\Scene\SceneSerializer.h">
      <Filter>Source\Core\Scene</Filter>
    </ClInclude>
    <ClInclude Include="Source\Core\Scene\ScriptEntity.h">
      <Filter>Source\Core\Scene</Filter>
    </ClInclude>
    <ClInclude Include="Source\Core\Types.h">
      <Filter>Source\Core</Filter>
    </ClInclude>
    <ClInclude Include="Source\Core\UUID.h">
      <Filter>Source\Core</Filter>
    </ClInclude>
    <ClInclude Include="Source\Core\Utils\Log.h">
      <Filter>Source\Core\Utils</Filter>
    </ClInclude>
    <ClInclude Include="Source\Core\Window.h">
      <Filter>Source\Core</Filter>
    </ClInclude>
    <ClInclude Include="Source\GUI\EngineGUI.h">
      <Filter>Source\GUI</Filter>
    </ClInclude>
    <ClInclude Include="Source\Platforms\RHI\Vulkan\BufferVK.h">
      <Filter>Source\Platforms\RHI\Vulkan</Filter>
    </ClInclude>
    <ClInclude Include="Source\Platforms\RHI\Vulkan\CommandStructureVK.h">
      <Filter>Source\Platforms\RHI\Vulkan</Filter>
    </ClInclude>
    <ClInclude Include="Source\Platforms\RHI\Vulkan\ComputePipelineVK.h">
      <Filter>Source\Platforms\RHI\Vulkan</Filter>
    </ClInclude>
    <ClInclude Include="Source\Platforms\RHI\Vulkan\DescriptorSetsVK.h">
      <Filter>Source\Platforms\RHI\Vulkan</Filter>
    </ClInclude>
    <ClInclude Include="Source\Platforms\RHI\Vulkan\DeviceVK.h">
      <Filter>Source\Platforms\RHI\Vulkan</Filter>
    </ClInclude>
    <ClInclude Include="Source\Platforms\RHI\Vulkan\GraphicsPipelineVK.h">
      <Filter>Source\Platforms\RHI\Vulkan</Filter>
    </ClInclude>
    <ClInclude Include="Source\Platforms\RHI\Vulkan\ImGUIVK.h">
      <Filter>Source\Platforms\RHI\Vulkan</Filter>
    </ClInclude>
    <ClInclude Include="Source\Platforms\RHI\Vulkan\ImageVK.h">
      <Filter>Source\Platforms\RHI\Vulkan</Filter>
    </ClInclude>
    <ClInclude Include="Source\Platforms\RHI\Vulkan\MaterialVK.h">
      <Filter>Source\Platforms\RHI\Vulkan</Filter>
    </ClInclude>
    <ClInclude Include="Source\Platforms\RHI\Vulkan\MeshVK.h">
      <Filter>Source\Platforms\RHI\Vulkan</Filter>
    </ClInclude>
    <ClInclude Include="Source\Platforms\RHI\Vulkan\PrimitiveRendererVK.h">
      <Filter>Source\Platforms\RHI\Vulkan</Filter>
    </ClInclude>
    <ClInclude Include="Source\Platforms\RHI\Vulkan\RendererVK.h">
      <Filter>Source\Platforms\RHI\Vulkan</Filter>
    </ClInclude>
    <ClInclude Include="Source\Platforms\RHI\Vulkan\ShaderVK.h">
      <Filter>Source\Platforms\RHI\Vulkan</Filter>
    </ClInclude>
    <ClInclude Include="Source\Platforms\RHI\Vulkan\SwapchainVK.h">
      <Filter>Source\Platforms\RHI\Vulkan</Filter>
    </ClInclude>
    <ClInclude Include="Source\Platforms\RHI\Vulkan\UtilsVK.h">
      <Filter>Source\Platforms\RHI\Vulkan</Filter>
    </ClInclude>
    <ClInclude Include="Source\Platforms\RHI\Vulkan\vkbootstrap\VkBootstrap.h">
      <Filter>Source\Platforms\RHI\Vulkan\vkbootstrap</Filter>
    </ClInclude>
    <ClInclude Include="Source\Platforms\RHI\Vulkan\vkbootstrap\VkBootstrapDispatch.h">
      <Filter>Source\Platforms\RHI\Vulkan\vkbootstrap</Filter>
    </ClInclude>
    <ClInclude Include="Source\Platforms\WindInput.h">
      <Filter>Source\Platforms</Filter>
    </ClInclude>
    <ClInclude Include="Source\Platforms\WindWindow.h">
      <Filter>Source\Platforms</Filter>
    </ClInclude>
    <ClInclude Include="ThirdParty\EnTT\include\entt.hpp">
      <Filter>ThirdParty\EnTT\include</Filter>
    </ClInclude>
    <ClInclude Include="ThirdParty\GLM\GLM\common.hpp">
      <Filter>ThirdParty\GLM\GLM</Filter>
    </ClInclude>
    <ClInclude Include="ThirdParty\GLM\GLM\detail\_features.hpp">
      <Filter>ThirdParty\GLM\GLM\detail</Filter>
    </ClInclude>
    <ClInclude Include="ThirdParty\GLM\GLM\detail\_fixes.hpp">
      <Filter>ThirdParty\GLM\GLM\detail</Filter>
    </ClInclude>
    <ClInclude Include="ThirdParty\GLM\GLM\detail\_noise.hpp">
      <Filter>ThirdParty\GLM\GLM\detail</Filter>
    </ClInclude>
    <ClInclude Include="ThirdParty\GLM\GLM\detail\_swizzle.hpp">
      <Filter>ThirdParty\GLM\GLM\detail</Filter>
    </ClInclude>
    <ClInclude Include="ThirdParty\GLM\GLM\detail\_swizzle_func.hpp">
      <Filter>ThirdParty\GLM\GLM\detail</Filter>
    </ClInclude>
    <ClInclude Include="ThirdParty\GLM\GLM\detail\_vectorize.hpp">
      <Filter>ThirdParty\GLM\GLM\detail</Filter>
    </ClInclude>
    <ClInclude Include="ThirdParty\GLM\GLM\detail\compute_common.hpp">
      <Filter>ThirdParty\GLM\GLM\detail</Filter>
    </ClInclude>
    <ClInclude Include="ThirdParty\GLM\GLM\detail\compute_vector_decl.hpp">
      <Filter>ThirdParty\GLM\GLM\detail</Filter>
    </ClInclude>
    <ClInclude Include="ThirdParty\GLM\GLM\detail\compute_vector_relational.hpp">
      <Filter>ThirdParty\GLM\GLM\detail</Filter>
    </ClInclude>
    <ClInclude Include="ThirdParty\GLM\GLM\detail\qualifier.hpp">
      <Filter>ThirdParty\GLM\GLM\detail</Filter>
    </ClInclude>
    <ClInclude Include="ThirdParty\GLM\GLM\detail\setup.hpp">
      <Filter>ThirdParty\GLM\GLM\detail</Filter>
    </ClInclude>
    <ClInclude Include="ThirdParty\GLM\GLM\detail\type_float.hpp">
      <Filter>ThirdParty\GLM\GLM\detail</Filter>
    </ClInclude>
    <ClInclude Include="ThirdParty\GLM\GLM\detail\type_half.hpp">
      <Filter>ThirdParty\GLM\GLM\detail</Filter>
    </ClInclude>
    <ClInclude Include="ThirdParty\GLM\GLM\detail\type_mat2x2.hpp">
      <Filter>ThirdParty\GLM\GLM\detail</Filter>
    </ClInclude>
    <ClInclude Include="ThirdParty\GLM\GLM\detail\type_mat2x3.hpp">
      <Filter>ThirdParty\GLM\GLM\detail</Filter>
    </ClInclude>
    <ClInclude Include="ThirdParty\GLM\GLM\detail\type_mat2x4.hpp">
      <Filter>ThirdParty\GLM\GLM\detail</Filter>
    </ClInclude>
    <ClInclude Include="ThirdParty\GLM\GLM\detail\type_mat3x2.hpp">
      <Filter>ThirdParty\GLM\GLM\detail</Filter>
    </ClInclude>
    <ClInclude Include="ThirdParty\GLM\GLM\detail\type_mat3x3.hpp">
      <Filter>ThirdParty\GLM\GLM\detail</Filter>
    </ClInclude>
    <ClInclude Include="ThirdParty\GLM\GLM\detail\type_mat3x4.hpp">
      <Filter>ThirdParty\GLM\GLM\detail</Filter>
    </ClInclude>
    <ClInclude Include="ThirdParty\GLM\GLM\detail\type_mat4x2.hpp">
      <Filter>ThirdParty\GLM\GLM\detail</Filter>
    </ClInclude>
    <ClInclude Include="ThirdParty\GLM\GLM\detail\type_mat4x3.hpp">
      <Filter>ThirdParty\GLM\GLM\detail</Filter>
    </ClInclude>
    <ClInclude Include="ThirdParty\GLM\GLM\detail\type_mat4x4.hpp">
      <Filter>ThirdParty\GLM\GLM\detail</Filter>
    </ClInclude>
    <ClInclude Include="ThirdParty\GLM\GLM\detail\type_quat.hpp">
      <Filter>ThirdParty\GLM\GLM\detail</Filter>
    </ClInclude>
    <ClInclude Include="ThirdParty\GLM\GLM\detail\type_vec1.hpp">
      <Filter>ThirdParty\GLM\GLM\detail</Filter>
    </ClInclude>
    <ClInclude Include="ThirdParty\GLM\GLM\detail\type_vec2.hpp">
      <Filter>ThirdParty\GLM\GLM\detail</Filter>
    </ClInclude>
    <ClInclude Include="ThirdParty\GLM\GLM\detail\type_vec3.hpp">
      <Filter>ThirdParty\GLM\GLM\detail</Filter>
    </ClInclude>
    <ClInclude Include="ThirdParty\GLM\GLM\detail\type_vec4.hpp">
      <Filter>ThirdParty\GLM\GLM\detail</Filter>
    </ClInclude>
    <ClInclude Include="ThirdParty\GLM\GLM\exponential.hpp">
      <Filter>ThirdParty\GLM\GLM</Filter>
    </ClInclude>
    <ClInclude Include="ThirdParty\GLM\GLM\ext.hpp">
      <Filter>ThirdParty\GLM\GLM</Filter>
    </ClInclude>
    <ClInclude Include="ThirdParty\GLM\GLM\ext\_matrix_vectorize.hpp">
      <Filter>ThirdParty\GLM\GLM\ext</Filter>
    </ClInclude>
    <ClInclude Include="ThirdParty\GLM\GLM\ext\matrix_clip_space.hpp">
      <Filter>ThirdParty\GLM\GLM\ext</Filter>
    </ClInclude>
    <ClInclude Include="ThirdParty\GLM\GLM\ext\matrix_common.hpp">
      <Filter>ThirdParty\GLM\GLM\ext</Filter>
    </ClInclude>
    <ClInclude Include="ThirdParty\GLM\GLM\ext\matrix_double2x2.hpp">
      <Filter>ThirdParty\GLM\GLM\ext</Filter>
    </ClInclude>
    <ClInclude Include="ThirdParty\GLM\GLM\ext\matrix_double2x2_precision.hpp">
      <Filter>ThirdParty\GLM\GLM\ext</Filter>
    </ClInclude>
    <ClInclude Include="ThirdParty\GLM\GLM\ext\matrix_double2x3.hpp">
      <Filter>ThirdParty\GLM\GLM\ext</Filter>
    </ClInclude>
    <ClInclude Include="ThirdParty\GLM\GLM\ext\matrix_double2x3_precision.hpp">
      <Filter>ThirdParty\GLM\GLM\ext</Filter>
    </ClInclude>
    <ClInclude Include="ThirdParty\GLM\GLM\ext\matrix_double2x4.hpp">
      <Filter>ThirdParty\GLM\GLM\ext</Filter>
    </ClInclude>
    <ClInclude Include="ThirdParty\GLM\GLM\ext\matrix_double2x4_precision.hpp">
      <Filter>ThirdParty\GLM\GLM\ext</Filter>
    </ClInclude>
    <ClInclude Include="ThirdParty\GLM\GLM\ext\matrix_double3x2.hpp">
      <Filter>ThirdParty\GLM\GLM\ext</Filter>
    </ClInclude>
    <ClInclude Include="ThirdParty\GLM\GLM\ext\matrix_double3x2_precision.hpp">
      <Filter>ThirdParty\GLM\GLM\ext</Filter>
    </ClInclude>
    <ClInclude Include="ThirdParty\GLM\GLM\ext\matrix_double3x3.hpp">
      <Filter>ThirdParty\GLM\GLM\ext</Filter>
    </ClInclude>
    <ClInclude Include="ThirdParty\GLM\GLM\ext\matrix_double3x3_precision.hpp">
      <Filter>ThirdParty\GLM\GLM\ext</Filter>
    </ClInclude>
    <ClInclude Include="ThirdParty\GLM\GLM\ext\matrix_double3x4.hpp">
      <Filter>ThirdParty\GLM\GLM\ext</Filter>
    </ClInclude>
    <ClInclude Include="ThirdParty\GLM\GLM\ext\matrix_double3x4_precision.hpp">
      <Filter>ThirdParty\GLM\GLM\ext</Filter>
    </ClInclude>
    <ClInclude Include="ThirdParty\GLM\GLM\ext\matrix_double4x2.hpp">
      <Filter>ThirdParty\GLM\GLM\ext</Filter>
    </ClInclude>
    <ClInclude Include="ThirdParty\GLM\GLM\ext\matrix_double4x2_precision.hpp">
      <Filter>ThirdParty\GLM\GLM\ext</Filter>
    </ClInclude>
    <ClInclude Include="ThirdParty\GLM\GLM\ext\matrix_double4x3.hpp">
      <Filter>ThirdParty\GLM\GLM\ext</Filter>
    </ClInclude>
    <ClInclude Include="ThirdParty\GLM\GLM\ext\matrix_double4x3_precision.hpp">
      <Filter>ThirdParty\GLM\GLM\ext</Filter>
    </ClInclude>
    <ClInclude Include="ThirdParty\GLM\GLM\ext\matrix_double4x4.hpp">
      <Filter>ThirdParty\GLM\GLM\ext</Filter>
    </ClInclude>
    <ClInclude Include="ThirdParty\GLM\GLM\ext\matrix_double4x4_precision.hpp">
      <Filter>ThirdParty\GLM\GLM\ext</Filter>
    </ClInclude>
    <ClInclude Include="ThirdParty\GLM\GLM\ext\matrix_float2x2.hpp">
      <Filter>ThirdParty\GLM\GLM\ext</Filter>
    </ClInclude>
    <ClInclude Include="ThirdParty\GLM\GLM\ext\matrix_float2x2_precision.hpp">
      <Filter>ThirdParty\GLM\GLM\ext</Filter>
    </ClInclude>
    <ClInclude Include="ThirdParty\GLM\GLM\ext\matrix_float2x3.hpp">
      <Filter>ThirdParty\GLM\GLM\ext</Filter>
    </ClInclude>
    <ClInclude Include="ThirdParty\GLM\GLM\ext\matrix_float2x3_precision.hpp">
      <Filter>ThirdParty\GLM\GLM\ext</Filter>
    </ClInclude>
    <ClInclude Include="ThirdParty\GLM\GLM\ext\matrix_float2x4.hpp">
      <Filter>ThirdParty\GLM\GLM\ext</Filter>
    </ClInclude>
    <ClInclude Include="ThirdParty\GLM\GLM\ext\matrix_float2x4_precision.hpp">
      <Filter>ThirdParty\GLM\GLM\ext</Filter>
    </ClInclude>
    <ClInclude Include="ThirdParty\GLM\GLM\ext\matrix_float3x2.hpp">
      <Filter>ThirdParty\GLM\GLM\ext</Filter>
    </ClInclude>
    <ClInclude Include="ThirdParty\GLM\GLM\ext\matrix_float3x2_precision.hpp">
      <Filter>ThirdParty\GLM\GLM\ext</Filter>
    </ClInclude>
    <ClInclude Include="ThirdParty\GLM\GLM\ext\matrix_float3x3.hpp">
      <Filter>ThirdParty\GLM\GLM\ext</Filter>
    </ClInclude>
    <ClInclude Include="ThirdParty\GLM\GLM\ext\matrix_float3x3_precision.hpp">
      <Filter>ThirdParty\GLM\GLM\ext</Filter>
    </ClInclude>
    <ClInclude Include="ThirdParty\GLM\GLM\ext\matrix_float3x4.hpp">
      <Filter>ThirdParty\GLM\GLM\ext</Filter>
    </ClInclude>
    <ClInclude Include="ThirdParty\GLM\GLM\ext\matrix_float3x4_precision.hpp">
      <Filter>ThirdParty\GLM\GLM\ext</Filter>
    </ClInclude>
    <ClInclude Include="ThirdParty\GLM\GLM\ext\matrix_float4x2.hpp">
      <Filter>ThirdParty\GLM\GLM\ext</Filter>
    </ClInclude>
    <ClInclude Include="ThirdParty\GLM\GLM\ext\matrix_float4x2_precision.hpp">
      <Filter>ThirdParty\GLM\GLM\ext</Filter>
    </ClInclude>
    <ClInclude Include="ThirdParty\GLM\GLM\ext\matrix_float4x3.hpp">
      <Filter>ThirdParty\GLM\GLM\ext</Filter>
    </ClInclude>
    <ClInclude Include="ThirdParty\GLM\GLM\ext\matrix_float4x3_precision.hpp">
      <Filter>ThirdParty\GLM\GLM\ext</Filter>
    </ClInclude>
    <ClInclude Include="ThirdParty\GLM\GLM\ext\matrix_float4x4.hpp">
      <Filter>ThirdParty\GLM\GLM\ext</Filter>
    </ClInclude>
    <ClInclude Include="ThirdParty\GLM\GLM\ext\matrix_float4x4_precision.hpp">
      <Filter>ThirdParty\GLM\GLM\ext</Filter>
    </ClInclude>
    <ClInclude Include="ThirdParty\GLM\GLM\ext\matrix_int2x2.hpp">
      <Filter>ThirdParty\GLM\GLM\ext</Filter>
    </ClInclude>
    <ClInclude Include="ThirdParty\GLM\GLM\ext\matrix_int2x2_sized.hpp">
      <Filter>ThirdParty\GLM\GLM\ext</Filter>
    </ClInclude>
    <ClInclude Include="ThirdParty\GLM\GLM\ext\matrix_int2x3.hpp">
      <Filter>ThirdParty\GLM\GLM\ext</Filter>
    </ClInclude>
    <ClInclude Include="ThirdParty\GLM\GLM\ext\matrix_int2x3_sized.hpp">
      <Filter>ThirdParty\GLM\GLM\ext</Filter>
    </ClInclude>
    <ClInclude Include="ThirdParty\GLM\GLM\ext\matrix_int2x4.hpp">
      <Filter>ThirdParty\GLM\GLM\ext</Filter>
    </ClInclude>
    <ClInclude Include="ThirdParty\GLM\GLM\ext\matrix_int2x4_sized.hpp">
      <Filter>ThirdParty\GLM\GLM\ext</Filter>
    </ClInclude>
    <ClInclude Include="ThirdParty\GLM\GLM\ext\matrix_int3x2.hpp">
      <Filter>ThirdParty\GLM\GLM\ext</Filter>
    </ClInclude>
    <ClInclude Include="ThirdParty\GLM\GLM\ext\matrix_int3x2_sized.hpp">
      <Filter>ThirdParty\GLM\GLM\ext</Filter>
    </ClInclude>
    <ClInclude Include="ThirdParty\GLM\GLM\ext\matrix_int3x3.hpp">
      <Filter>ThirdParty\GLM\GLM\ext</Filter>
    </ClInclude>
    <ClInclude Include="ThirdParty\GLM\GLM\ext\matrix_int3x3_sized.hpp">
      <Filter>ThirdParty\GLM\GLM\ext</Filter>
    </ClInclude>
    <ClInclude Include="ThirdParty\GLM\GLM\ext\matrix_int3x4.hpp">
      <Filter>ThirdParty\GLM\GLM\ext</Filter>
    </ClInclude>
    <ClInclude Include="ThirdParty\GLM\GLM\ext\matrix_int3x4_sized.hpp">
      <Filter>ThirdParty\GLM\GLM\ext</Filter>
    </ClInclude>
    <ClInclude Include="ThirdParty\GLM\GLM\ext\matrix_int4x2.hpp">
      <Filter>ThirdParty\GLM\GLM\ext</Filter>
    </ClInclude>
    <ClInclude Include="ThirdParty\GLM\GLM\ext\matrix_int4x2_sized.hpp">
      <Filter>ThirdParty\GLM\GLM\ext</Filter>
    </ClInclude>
    <ClInclude Include="ThirdParty\GLM\GLM\ext\matrix_int4x3.hpp">
      <Filter>ThirdParty\GLM\GLM\ext</Filter>
    </ClInclude>
    <ClInclude Include="ThirdParty\GLM\GLM\ext\matrix_int4x3_sized.hpp">
      <Filter>ThirdParty\GLM\GLM\ext</Filter>
    </ClInclude>
    <ClInclude Include="ThirdParty\GLM\GLM\ext\matrix_int4x4.hpp">
      <Filter>ThirdParty\GLM\GLM\ext</Filter>
    </ClInclude>
    <ClInclude Include="ThirdParty\GLM\GLM\ext\matrix_int4x4_sized.hpp">
      <Filter>ThirdParty\GLM\GLM\ext</Filter>
    </ClInclude>
    <ClInclude Include="ThirdParty\GLM\GLM\ext\matrix_integer.hpp">
      <Filter>ThirdParty\GLM\GLM\ext</Filter>
    </ClInclude>
    <ClInclude Include="ThirdParty\GLM\GLM\ext\matrix_projection.hpp">
      <Filter>ThirdParty\GLM\GLM\ext</Filter>
    </ClInclude>
    <ClInclude Include="ThirdParty\GLM\GLM\ext\matrix_relational.hpp">
      <Filter>ThirdParty\GLM\GLM\ext</Filter>
    </ClInclude>
    <ClInclude Include="ThirdParty\GLM\GLM\ext\matrix_transform.hpp">
      <Filter>ThirdParty\GLM\GLM\ext</Filter>
    </ClInclude>
    <ClInclude Include="ThirdParty\GLM\GLM\ext\matrix_uint2x2.hpp">
      <Filter>ThirdParty\GLM\GLM\ext</Filter>
    </ClInclude>
    <ClInclude Include="ThirdParty\GLM\GLM\ext\matrix_uint2x2_sized.hpp">
      <Filter>ThirdParty\GLM\GLM\ext</Filter>
    </ClInclude>
    <ClInclude Include="ThirdParty\GLM\GLM\ext\matrix_uint2x3.hpp">
      <Filter>ThirdParty\GLM\GLM\ext</Filter>
    </ClInclude>
    <ClInclude Include="ThirdParty\GLM\GLM\ext\matrix_uint2x3_sized.hpp">
      <Filter>ThirdParty\GLM\GLM\ext</Filter>
    </ClInclude>
    <ClInclude Include="ThirdParty\GLM\GLM\ext\matrix_uint2x4.hpp">
      <Filter>ThirdParty\GLM\GLM\ext</Filter>
    </ClInclude>
    <ClInclude Include="ThirdParty\GLM\GLM\ext\matrix_uint2x4_sized.hpp">
      <Filter>ThirdParty\GLM\GLM\ext</Filter>
    </ClInclude>
    <ClInclude Include="ThirdParty\GLM\GLM\ext\matrix_uint3x2.hpp">
      <Filter>ThirdParty\GLM\GLM\ext</Filter>
    </ClInclude>
    <ClInclude Include="ThirdParty\GLM\GLM\ext\matrix_uint3x2_sized.hpp">
      <Filter>ThirdParty\GLM\GLM\ext</Filter>
    </ClInclude>
    <ClInclude Include="ThirdParty\GLM\GLM\ext\matrix_uint3x3.hpp">
      <Filter>ThirdParty\GLM\GLM\ext</Filter>
    </ClInclude>
    <ClInclude Include="ThirdParty\GLM\GLM\ext\matrix_uint3x3_sized.hpp">
      <Filter>ThirdParty\GLM\GLM\ext</Filter>
    </ClInclude>
    <ClInclude Include="ThirdParty\GLM\GLM\ext\matrix_uint3x4.hpp">
      <Filter>ThirdParty\GLM\GLM\ext</Filter>
    </ClInclude>
    <ClInclude Include="ThirdParty\GLM\GLM\ext\matrix_uint3x4_sized.hpp">
      <Filter>ThirdParty\GLM\GLM\ext</Filter>
    </ClInclude>
    <ClInclude Include="ThirdParty\GLM\GLM\ext\matrix_uint4x2.hpp">
      <Filter>ThirdParty\GLM\GLM\ext</Filter>
    </ClInclude>
    <ClInclude Include="ThirdParty\GLM\GLM\ext\matrix_uint4x2_sized.hpp">
      <Filter>ThirdParty\GLM\GLM\ext</Filter>
    </ClInclude>
    <ClInclude Include="ThirdParty\GLM\GLM\ext\matrix_uint4x3.hpp">
      <Filter>ThirdParty\GLM\GLM\ext</Filter>
    </ClInclude>
    <ClInclude Include="ThirdParty\GLM\GLM\ext\matrix_uint4x3_sized.hpp">
      <Filter>ThirdParty\GLM\GLM\ext</Filter>
    </ClInclude>
    <ClInclude Include="ThirdParty\GLM\GLM\ext\matrix_uint4x4.hpp">
      <Filter>ThirdParty\GLM\GLM\ext</Filter>
    </ClInclude>
    <ClInclude Include="ThirdParty\GLM\GLM\ext\matrix_uint4x4_sized.hpp">
      <Filter>ThirdParty\GLM\GLM\ext</Filter>
    </ClInclude>
    <ClInclude Include="ThirdParty\GLM\GLM\ext\quaternion_common.hpp">
      <Filter>ThirdParty\GLM\GLM\ext</Filter>
    </ClInclude>
    <ClInclude Include="ThirdParty\GLM\GLM\ext\quaternion_double.hpp">
      <Filter>ThirdParty\GLM\GLM\ext</Filter>
    </ClInclude>
    <ClInclude Include="ThirdParty\GLM\GLM\ext\quaternion_double_precision.hpp">
      <Filter>ThirdParty\GLM\GLM\ext</Filter>
    </ClInclude>
    <ClInclude Include="ThirdParty\GLM\GLM\ext\quaternion_exponential.hpp">
      <Filter>ThirdParty\GLM\GLM\ext</Filter>
    </ClInclude>
    <ClInclude Include="ThirdParty\GLM\GLM\ext\quaternion_float.hpp">
      <Filter>ThirdParty\GLM\GLM\ext</Filter>
    </ClInclude>
    <ClInclude Include="ThirdParty\GLM\GLM\ext\quaternion_float_precision.hpp">
      <Filter>ThirdParty\GLM\GLM\ext</Filter>
    </ClInclude>
    <ClInclude Include="ThirdParty\GLM\GLM\ext\quaternion_geometric.hpp">
      <Filter>ThirdParty\GLM\GLM\ext</Filter>
    </ClInclude>
    <ClInclude Include="ThirdParty\GLM\GLM\ext\quaternion_relational.hpp">
      <Filter>ThirdParty\GLM\GLM\ext</Filter>
    </ClInclude>
    <ClInclude Include="ThirdParty\GLM\GLM\ext\quaternion_transform.hpp">
      <Filter>ThirdParty\GLM\GLM\ext</Filter>
    </ClInclude>
    <ClInclude Include="ThirdParty\GLM\GLM\ext\quaternion_trigonometric.hpp">
      <Filter>ThirdParty\GLM\GLM\ext</Filter>
    </ClInclude>
    <ClInclude Include="ThirdParty\GLM\GLM\ext\scalar_common.hpp">
      <Filter>ThirdParty\GLM\GLM\ext</Filter>
    </ClInclude>
    <ClInclude Include="ThirdParty\GLM\GLM\ext\scalar_constants.hpp">
      <Filter>ThirdParty\GLM\GLM\ext</Filter>
    </ClInclude>
    <ClInclude Include="ThirdParty\GLM\GLM\ext\scalar_int_sized.hpp">
      <Filter>ThirdParty\GLM\GLM\ext</Filter>
    </ClInclude>
    <ClInclude Include="ThirdParty\GLM\GLM\ext\scalar_integer.hpp">
      <Filter>ThirdParty\GLM\GLM\ext</Filter>
    </ClInclude>
    <ClInclude Include="ThirdParty\GLM\GLM\ext\scalar_packing.hpp">
      <Filter>ThirdParty\GLM\GLM\ext</Filter>
    </ClInclude>
    <ClInclude Include="ThirdParty\GLM\GLM\ext\scalar_reciprocal.hpp">
      <Filter>ThirdParty\GLM\GLM\ext</Filter>
    </ClInclude>
    <ClInclude Include="ThirdParty\GLM\GLM\ext\scalar_relational.hpp">
      <Filter>ThirdParty\GLM\GLM\ext</Filter>
    </ClInclude>
    <ClInclude Include="ThirdParty\GLM\GLM\ext\scalar_uint_sized.hpp">
      <Filter>ThirdParty\GLM\GLM\ext</Filter>
    </ClInclude>
    <ClInclude Include="ThirdParty\GLM\GLM\ext\scalar_ulp.hpp">
      <Filter>ThirdParty\GLM\GLM\ext</Filter>
    </ClInclude>
    <ClInclude Include="ThirdParty\GLM\GLM\ext\vector_bool1.hpp">
      <Filter>ThirdParty\GLM\GLM\ext</Filter>
    </ClInclude>
    <ClInclude Include="ThirdParty\GLM\GLM\ext\vector_bool1_precision.hpp">
      <Filter>ThirdParty\GLM\GLM\ext</Filter>
    </ClInclude>
    <ClInclude Include="ThirdParty\GLM\GLM\ext\vector_bool2.hpp">
      <Filter>ThirdParty\GLM\GLM\ext</Filter>
    </ClInclude>
    <ClInclude Include="ThirdParty\GLM\GLM\ext\vector_bool2_precision.hpp">
      <Filter>ThirdParty\GLM\GLM\ext</Filter>
    </ClInclude>
    <ClInclude Include="ThirdParty\GLM\GLM\ext\vector_bool3.hpp">
      <Filter>ThirdParty\GLM\GLM\ext</Filter>
    </ClInclude>
    <ClInclude Include="ThirdParty\GLM\GLM\ext\vector_bool3_precision.hpp">
      <Filter>ThirdParty\GLM\GLM\ext</Filter>
    </ClInclude>
    <ClInclude Include="ThirdParty\GLM\GLM\ext\vector_bool4.hpp">
      <Filter>ThirdParty\GLM\GLM\ext</Filter>
    </ClInclude>
    <ClInclude Include="ThirdParty\GLM\GLM\ext\vector_bool4_precision.hpp">
      <Filter>ThirdParty\GLM\GLM\ext</Filter>
    </ClInclude>
    <ClInclude Include="ThirdParty\GLM\GLM\ext\vector_common.hpp">
      <Filter>ThirdParty\GLM\GLM\ext</Filter>
    </ClInclude>
    <ClInclude Include="ThirdParty\GLM\GLM\ext\vector_double1.hpp">
      <Filter>ThirdParty\GLM\GLM\ext</Filter>
    </ClInclude>
    <ClInclude Include="ThirdParty\GLM\GLM\ext\vector_double1_precision.hpp">
      <Filter>ThirdParty\GLM\GLM\ext</Filter>
    </ClInclude>
    <ClInclude Include="ThirdParty\GLM\GLM\ext\vector_double2.hpp">
      <Filter>ThirdParty\GLM\GLM\ext</Filter>
    </ClInclude>
    <ClInclude Include="ThirdParty\GLM\GLM\ext\vector_double2_precision.hpp">
      <Filter>ThirdParty\GLM\GLM\ext</Filter>
    </ClInclude>
    <ClInclude Include="ThirdParty\GLM\GLM\ext\vector_double3.hpp">
      <Filter>ThirdParty\GLM\GLM\ext</Filter>
    </ClInclude>
    <ClInclude Include="ThirdParty\GLM\GLM\ext\vector_double3_precision.hpp">
      <Filter>ThirdParty\GLM\GLM\ext</Filter>
    </ClInclude>
    <ClInclude Include="ThirdParty\GLM\GLM\ext\vector_double4.hpp">
      <Filter>ThirdParty\GLM\GLM\ext</Filter>
    </ClInclude>
    <ClInclude Include="ThirdParty\GLM\GLM\ext\vector_double4_precision.hpp">
      <Filter>ThirdParty\GLM\GLM\ext</Filter>
    </ClInclude>
    <ClInclude Include="ThirdParty\GLM\GLM\ext\vector_float1.hpp">
      <Filter>ThirdParty\GLM\GLM\ext</Filter>
    </ClInclude>
    <ClInclude Include="ThirdParty\GLM\GLM\ext\vector_float1_precision.hpp">
      <Filter>ThirdParty\GLM\GLM\ext</Filter>
    </ClInclude>
    <ClInclude Include="ThirdParty\GLM\GLM\ext\vector_float2.hpp">
      <Filter>ThirdParty\GLM\GLM\ext</Filter>
    </ClInclude>
    <ClInclude Include="ThirdParty\GLM\GLM\ext\vector_float2_precision.hpp">
      <Filter>ThirdParty\GLM\GLM\ext</Filter>
    </ClInclude>
    <ClInclude Include="ThirdParty\GLM\GLM\ext\vector_float3.hpp">
      <Filter>ThirdParty\GLM\GLM\ext</Filter>
    </ClInclude>
    <ClInclude Include="ThirdParty\GLM\GLM\ext\vector_float3_precision.hpp">
      <Filter>ThirdParty\GLM\GLM\ext</Filter>
    </ClInclude>
    <ClInclude Include="ThirdParty\GLM\GLM\ext\vector_float4.hpp">
      <Filter>ThirdParty\GLM\GLM\ext</Filter>
    </ClInclude>
    <ClInclude Include="ThirdParty\GLM\GLM\ext\vector_float4_precision.hpp">
      <Filter>ThirdParty\GLM\GLM\ext</Filter>
    </ClInclude>
    <ClInclude Include="ThirdParty\GLM\GLM\ext\vector_int1.hpp">
      <Filter>ThirdParty\GLM\GLM\ext</Filter>
    </ClInclude>
    <ClInclude Include="ThirdParty\GLM\GLM\ext\vector_int1_sized.hpp">
      <Filter>ThirdParty\GLM\GLM\ext</Filter>
    </ClInclude>
    <ClInclude Include="ThirdParty\GLM\GLM\ext\vector_int2.hpp">
      <Filter>ThirdParty\GLM\GLM\ext</Filter>
    </ClInclude>
    <ClInclude Include="ThirdParty\GLM\GLM\ext\vector_int2_sized.hpp">
      <Filter>ThirdParty\GLM\GLM\ext</Filter>
    </ClInclude>
    <ClInclude Include="ThirdParty\GLM\GLM\ext\vector_int3.hpp">
      <Filter>ThirdParty\GLM\GLM\ext</Filter>
    </ClInclude>
    <ClInclude Include="ThirdParty\GLM\GLM\ext\vector_int3_sized.hpp">
      <Filter>ThirdParty\GLM\GLM\ext</Filter>
    </ClInclude>
    <ClInclude Include="ThirdParty\GLM\GLM\ext\vector_int4.hpp">
      <Filter>ThirdParty\GLM\GLM\ext</Filter>
    </ClInclude>
    <ClInclude Include="ThirdParty\GLM\GLM\ext\vector_int4_sized.hpp">
      <Filter>ThirdParty\GLM\GLM\ext</Filter>
    </ClInclude>
    <ClInclude Include="ThirdParty\GLM\GLM\ext\vector_integer.hpp">
      <Filter>ThirdParty\GLM\GLM\ext</Filter>
    </ClInclude>
    <ClInclude Include="ThirdParty\GLM\GLM\ext\vector_packing.hpp">
      <Filter>ThirdParty\GLM\GLM\ext</Filter>
    </ClInclude>
    <ClInclude Include="ThirdParty\GLM\GLM\ext\vector_reciprocal.hpp">
      <Filter>ThirdParty\GLM\GLM\ext</Filter>
    </ClInclude>
    <ClInclude Include="ThirdParty\GLM\GLM\ext\vector_relational.hpp">
      <Filter>ThirdParty\GLM\GLM\ext</Filter>
    </ClInclude>
    <ClInclude Include="ThirdParty\GLM\GLM\ext\vector_uint1.hpp">
      <Filter>ThirdParty\GLM\GLM\ext</Filter>
    </ClInclude>
    <ClInclude Include="ThirdParty\GLM\GLM\ext\vector_uint1_sized.hpp">
      <Filter>ThirdParty\GLM\GLM\ext</Filter>
    </ClInclude>
    <ClInclude Include="ThirdParty\GLM\GLM\ext\vector_uint2.hpp">
      <Filter>ThirdParty\GLM\GLM\ext</Filter>
    </ClInclude>
    <ClInclude Include="ThirdParty\GLM\GLM\ext\vector_uint2_sized.hpp">
      <Filter>ThirdParty\GLM\GLM\ext</Filter>
    </ClInclude>
    <ClInclude Include="ThirdParty\GLM\GLM\ext\vector_uint3.hpp">
      <Filter>ThirdParty\GLM\GLM\ext</Filter>
    </ClInclude>
    <ClInclude Include="ThirdParty\GLM\GLM\ext\vector_uint3_sized.hpp">
      <Filter>ThirdParty\GLM\GLM\ext</Filter>
    </ClInclude>
    <ClInclude Include="ThirdParty\GLM\GLM\ext\vector_uint4.hpp">
      <Filter>ThirdParty\GLM\GLM\ext</Filter>
    </ClInclude>
    <ClInclude Include="ThirdParty\GLM\GLM\ext\vector_uint4_sized.hpp">
      <Filter>ThirdParty\GLM\GLM\ext</Filter>
    </ClInclude>
    <ClInclude Include="ThirdParty\GLM\GLM\ext\vector_ulp.hpp">
      <Filter>ThirdParty\GLM\GLM\ext</Filter>
    </ClInclude>
    <ClInclude Include="ThirdParty\GLM\GLM\fwd.hpp">
      <Filter>ThirdParty\GLM\GLM</Filter>
    </ClInclude>
    <ClInclude Include="ThirdParty\GLM\GLM\geometric.hpp">
      <Filter>ThirdParty\GLM\GLM</Filter>
    </ClInclude>
    <ClInclude Include="ThirdParty\GLM\GLM\glm.hpp">
      <Filter>ThirdParty\GLM\GLM</Filter>
    </ClInclude>
    <ClInclude Include="ThirdParty\GLM\GLM\gtc\bitfield.hpp">
      <Filter>ThirdParty\GLM\GLM\gtc</Filter>
    </ClInclude>
    <ClInclude Include="ThirdParty\GLM\GLM\gtc\color_space.hpp">
      <Filter>ThirdParty\GLM\GLM\gtc</Filter>
    </ClInclude>
    <ClInclude Include="ThirdParty\GLM\GLM\gtc\constants.hpp">
      <Filter>ThirdParty\GLM\GLM\gtc</Filter>
    </ClInclude>
    <ClInclude Include="ThirdParty\GLM\GLM\gtc\epsilon.hpp">
      <Filter>ThirdParty\GLM\GLM\gtc</Filter>
    </ClInclude>
    <ClInclude Include="ThirdParty\GLM\GLM\gtc\integer.hpp">
      <Filter>ThirdParty\GLM\GLM\gtc</Filter>
    </ClInclude>
    <ClInclude Include="ThirdParty\GLM\GLM\gtc\matrix_access.hpp">
      <Filter>ThirdParty\GLM\GLM\gtc</Filter>
    </ClInclude>
    <ClInclude Include="ThirdParty\GLM\GLM\gtc\matrix_integer.hpp">
      <Filter>ThirdParty\GLM\GLM\gtc</Filter>
    </ClInclude>
    <ClInclude Include="ThirdParty\GLM\GLM\gtc\matrix_inverse.hpp">
      <Filter>ThirdParty\GLM\GLM\gtc</Filter>
    </ClInclude>
    <ClInclude Include="ThirdParty\GLM\GLM\gtc\matrix_transform.hpp">
      <Filter>ThirdParty\GLM\GLM\gtc</Filter>
    </ClInclude>
    <ClInclude Include="ThirdParty\GLM\GLM\gtc\noise.hpp">
      <Filter>ThirdParty\GLM\GLM\gtc</Filter>
    </ClInclude>
    <ClInclude Include="ThirdParty\GLM\GLM\gtc\packing.hpp">
      <Filter>ThirdParty\GLM\GLM\gtc</Filter>
    </ClInclude>
    <ClInclude Include="ThirdParty\GLM\GLM\gtc\quaternion.hpp">
      <Filter>ThirdParty\GLM\GLM\gtc</Filter>
    </ClInclude>
    <ClInclude Include="ThirdParty\GLM\GLM\gtc\random.hpp">
      <Filter>ThirdParty\GLM\GLM\gtc</Filter>
    </ClInclude>
    <ClInclude Include="ThirdParty\GLM\GLM\gtc\reciprocal.hpp">
      <Filter>ThirdParty\GLM\GLM\gtc</Filter>
    </ClInclude>
    <ClInclude Include="ThirdParty\GLM\GLM\gtc\round.hpp">
      <Filter>ThirdParty\GLM\GLM\gtc</Filter>
    </ClInclude>
    <ClInclude Include="ThirdParty\GLM\GLM\gtc\type_aligned.hpp">
      <Filter>ThirdParty\GLM\GLM\gtc</Filter>
    </ClInclude>
    <ClInclude Include="ThirdParty\GLM\GLM\gtc\type_precision.hpp">
      <Filter>ThirdParty\GLM\GLM\gtc</Filter>
    </ClInclude>
    <ClInclude Include="ThirdParty\GLM\GLM\gtc\type_ptr.hpp">
      <Filter>ThirdParty\GLM\GLM\gtc</Filter>
    </ClInclude>
    <ClInclude Include="ThirdParty\GLM\GLM\gtc\ulp.hpp">
      <Filter>ThirdParty\GLM\GLM\gtc</Filter>
    </ClInclude>
    <ClInclude Include="ThirdParty\GLM\GLM\gtc\vec1.hpp">
      <Filter>ThirdParty\GLM\GLM\gtc</Filter>
    </ClInclude>
    <ClInclude Include="ThirdParty\GLM\GLM\gtx\associated_min_max.hpp">
      <Filter>ThirdParty\GLM\GLM\gtx</Filter>
    </ClInclude>
    <ClInclude Include="ThirdParty\GLM\GLM\gtx\bit.hpp">
      <Filter>ThirdParty\GLM\GLM\gtx</Filter>
    </ClInclude>
    <ClInclude Include="ThirdParty\GLM\GLM\gtx\closest_point.hpp">
      <Filter>ThirdParty\GLM\GLM\gtx</Filter>
    </ClInclude>
    <ClInclude Include="ThirdParty\GLM\GLM\gtx\color_encoding.hpp">
      <Filter>ThirdParty\GLM\GLM\gtx</Filter>
    </ClInclude>
    <ClInclude Include="ThirdParty\GLM\GLM\gtx\color_space.hpp">
      <Filter>ThirdParty\GLM\GLM\gtx</Filter>
    </ClInclude>
    <ClInclude Include="ThirdParty\GLM\GLM\gtx\color_space_YCoCg.hpp">
      <Filter>ThirdParty\GLM\GLM\gtx</Filter>
    </ClInclude>
    <ClInclude Include="ThirdParty\GLM\GLM\gtx\common.hpp">
      <Filter>ThirdParty\GLM\GLM\gtx</Filter>
    </ClInclude>
    <ClInclude Include="ThirdParty\GLM\GLM\gtx\compatibility.hpp">
      <Filter>ThirdParty\GLM\GLM\gtx</Filter>
    </ClInclude>
    <ClInclude Include="ThirdParty\GLM\GLM\gtx\component_wise.hpp">
      <Filter>ThirdParty\GLM\GLM\gtx</Filter>
    </ClInclude>
    <ClInclude Include="ThirdParty\GLM\GLM\gtx\dual_quaternion.hpp">
      <Filter>ThirdParty\GLM\GLM\gtx</Filter>
    </ClInclude>
    <ClInclude Include="ThirdParty\GLM\GLM\gtx\easing.hpp">
      <Filter>ThirdParty\GLM\GLM\gtx</Filter>
    </ClInclude>
    <ClInclude Include="ThirdParty\GLM\GLM\gtx\euler_angles.hpp">
      <Filter>ThirdParty\GLM\GLM\gtx</Filter>
    </ClInclude>
    <ClInclude Include="ThirdParty\GLM\GLM\gtx\extend.hpp">
      <Filter>ThirdParty\GLM\GLM\gtx</Filter>
    </ClInclude>
    <ClInclude Include="ThirdParty\GLM\GLM\gtx\extended_min_max.hpp">
      <Filter>ThirdParty\GLM\GLM\gtx</Filter>
    </ClInclude>
    <ClInclude Include="ThirdParty\GLM\GLM\gtx\exterior_product.hpp">
      <Filter>ThirdParty\GLM\GLM\gtx</Filter>
    </ClInclude>
    <ClInclude Include="ThirdParty\GLM\GLM\gtx\fast_exponential.hpp">
      <Filter>ThirdParty\GLM\GLM\gtx</Filter>
    </ClInclude>
    <ClInclude Include="ThirdParty\GLM\GLM\gtx\fast_square_root.hpp">
      <Filter>ThirdParty\GLM\GLM\gtx</Filter>
    </ClInclude>
    <ClInclude Include="ThirdParty\GLM\GLM\gtx\fast_trigonometry.hpp">
      <Filter>ThirdParty\GLM\GLM\gtx</Filter>
    </ClInclude>
    <ClInclude Include="ThirdParty\GLM\GLM\gtx\functions.hpp">
      <Filter>ThirdParty\GLM\GLM\gtx</Filter>
    </ClInclude>
    <ClInclude Include="ThirdParty\GLM\GLM\gtx\gradient_paint.hpp">
      <Filter>ThirdParty\GLM\GLM\gtx</Filter>
    </ClInclude>
    <ClInclude Include="ThirdParty\GLM\GLM\gtx\handed_coordinate_space.hpp">
      <Filter>ThirdParty\GLM\GLM\gtx</Filter>
    </ClInclude>
    <ClInclude Include="ThirdParty\GLM\GLM\gtx\hash.hpp">
      <Filter>ThirdParty\GLM\GLM\gtx</Filter>
    </ClInclude>
    <ClInclude Include="ThirdParty\GLM\GLM\gtx\integer.hpp">
      <Filter>ThirdParty\GLM\GLM\gtx</Filter>
    </ClInclude>
    <ClInclude Include="ThirdParty\GLM\GLM\gtx\intersect.hpp">
      <Filter>ThirdParty\GLM\GLM\gtx</Filter>
    </ClInclude>
    <ClInclude Include="ThirdParty\GLM\GLM\gtx\io.hpp">
      <Filter>ThirdParty\GLM\GLM\gtx</Filter>
    </ClInclude>
    <ClInclude Include="ThirdParty\GLM\GLM\gtx\log_base.hpp">
      <Filter>ThirdParty\GLM\GLM\gtx</Filter>
    </ClInclude>
    <ClInclude Include="ThirdParty\GLM\GLM\gtx\matrix_cross_product.hpp">
      <Filter>ThirdParty\GLM\GLM\gtx</Filter>
    </ClInclude>
    <ClInclude Include="ThirdParty\GLM\GLM\gtx\matrix_decompose.hpp">
      <Filter>ThirdParty\GLM\GLM\gtx</Filter>
    </ClInclude>
    <ClInclude Include="ThirdParty\GLM\GLM\gtx\matrix_factorisation.hpp">
      <Filter>ThirdParty\GLM\GLM\gtx</Filter>
    </ClInclude>
    <ClInclude Include="ThirdParty\GLM\GLM\gtx\matrix_interpolation.hpp">
      <Filter>ThirdParty\GLM\GLM\gtx</Filter>
    </ClInclude>
    <ClInclude Include="ThirdParty\GLM\GLM\gtx\matrix_major_storage.hpp">
      <Filter>ThirdParty\GLM\GLM\gtx</Filter>
    </ClInclude>
    <ClInclude Include="ThirdParty\GLM\GLM\gtx\matrix_operation.hpp">
      <Filter>ThirdParty\GLM\GLM\gtx</Filter>
    </ClInclude>
    <ClInclude Include="ThirdParty\GLM\GLM\gtx\matrix_query.hpp">
      <Filter>ThirdParty\GLM\GLM\gtx</Filter>
    </ClInclude>
    <ClInclude Include="ThirdParty\GLM\GLM\gtx\matrix_transform_2d.hpp">
      <Filter>ThirdParty\GLM\GLM\gtx</Filter>
    </ClInclude>
    <ClInclude Include="ThirdParty\GLM\GLM\gtx\mixed_product.hpp">
      <Filter>ThirdParty\GLM\GLM\gtx</Filter>
    </ClInclude>
    <ClInclude Include="ThirdParty\GLM\GLM\gtx\norm.hpp">
      <Filter>ThirdParty\GLM\GLM\gtx</Filter>
    </ClInclude>
    <ClInclude Include="ThirdParty\GLM\GLM\gtx\normal.hpp">
      <Filter>ThirdParty\GLM\GLM\gtx</Filter>
    </ClInclude>
    <ClInclude Include="ThirdParty\GLM\GLM\gtx\normalize_dot.hpp">
      <Filter>ThirdParty\GLM\GLM\gtx</Filter>
    </ClInclude>
    <ClInclude Include="ThirdParty\GLM\GLM\gtx\number_precision.hpp">
      <Filter>ThirdParty\GLM\GLM\gtx</Filter>
    </ClInclude>
    <ClInclude Include="ThirdParty\GLM\GLM\gtx\optimum_pow.hpp">
      <Filter>ThirdParty\GLM\GLM\gtx</Filter>
    </ClInclude>
    <ClInclude Include="ThirdParty\GLM\GLM\gtx\orthonormalize.hpp">
      <Filter>ThirdParty\GLM\GLM\gtx</Filter>
    </ClInclude>
    <ClInclude Include="ThirdParty\GLM\GLM\gtx\pca.hpp">
      <Filter>ThirdParty\GLM\GLM\gtx</Filter>
    </ClInclude>
    <ClInclude Include="ThirdParty\GLM\GLM\gtx\perpendicular.hpp">
      <Filter>ThirdParty\GLM\GLM\gtx</Filter>
    </ClInclude>
    <ClInclude Include="ThirdParty\GLM\GLM\gtx\polar_coordinates.hpp">
      <Filter>ThirdParty\GLM\GLM\gtx</Filter>
    </ClInclude>
    <ClInclude Include="ThirdParty\GLM\GLM\gtx\projection.hpp">
      <Filter>ThirdParty\GLM\GLM\gtx</Filter>
    </ClInclude>
    <ClInclude Include="ThirdParty\GLM\GLM\gtx\quaternion.hpp">
      <Filter>ThirdParty\GLM\GLM\gtx</Filter>
    </ClInclude>
    <ClInclude Include="ThirdParty\GLM\GLM\gtx\range.hpp">
      <Filter>ThirdParty\GLM\GLM\gtx</Filter>
    </ClInclude>
    <ClInclude Include="ThirdParty\GLM\GLM\gtx\raw_data.hpp">
      <Filter>ThirdParty\GLM\GLM\gtx</Filter>
    </ClInclude>
    <ClInclude Include="ThirdParty\GLM\GLM\gtx\rotate_normalized_axis.hpp">
      <Filter>ThirdParty\GLM\GLM\gtx</Filter>
    </ClInclude>
    <ClInclude Include="ThirdParty\GLM\GLM\gtx\rotate_vector.hpp">
      <Filter>ThirdParty\GLM\GLM\gtx</Filter>
    </ClInclude>
    <ClInclude Include="ThirdParty\GLM\GLM\gtx\scalar_multiplication.hpp">
      <Filter>ThirdParty\GLM\GLM\gtx</Filter>
    </ClInclude>
    <ClInclude Include="ThirdParty\GLM\GLM\gtx\scalar_relational.hpp">
      <Filter>ThirdParty\GLM\GLM\gtx</Filter>
    </ClInclude>
    <ClInclude Include="ThirdParty\GLM\GLM\gtx\spline.hpp">
      <Filter>ThirdParty\GLM\GLM\gtx</Filter>
    </ClInclude>
    <ClInclude Include="ThirdParty\GLM\GLM\gtx\std_based_type.hpp">
      <Filter>ThirdParty\GLM\GLM\gtx</Filter>
    </ClInclude>
    <ClInclude Include="ThirdParty\GLM\GLM\gtx\string_cast.hpp">
      <Filter>ThirdParty\GLM\GLM\gtx</Filter>
    </ClInclude>
    <ClInclude Include="ThirdParty\GLM\GLM\gtx\structured_bindings.hpp">
      <Filter>ThirdParty\GLM\GLM\gtx</Filter>
    </ClInclude>
    <ClInclude Include="ThirdParty\GLM\GLM\gtx\texture.hpp">
      <Filter>ThirdParty\GLM\GLM\gtx</Filter>
    </ClInclude>
    <ClInclude Include="ThirdParty\GLM\GLM\gtx\transform.hpp">
      <Filter>ThirdParty\GLM\GLM\gtx</Filter>
    </ClInclude>
    <ClInclude Include="ThirdParty\GLM\GLM\gtx\transform2.hpp">
      <Filter>ThirdParty\GLM\GLM\gtx</Filter>
    </ClInclude>
    <ClInclude Include="ThirdParty\GLM\GLM\gtx\type_aligned.hpp">
      <Filter>ThirdParty\GLM\GLM\gtx</Filter>
    </ClInclude>
    <ClInclude Include="ThirdParty\GLM\GLM\gtx\type_trait.hpp">
      <Filter>ThirdParty\GLM\GLM\gtx</Filter>
    </ClInclude>
    <ClInclude Include="ThirdParty\GLM\GLM\gtx\vec_swizzle.hpp">
      <Filter>ThirdParty\GLM\GLM\gtx</Filter>
    </ClInclude>
    <ClInclude Include="ThirdParty\GLM\GLM\gtx\vector_angle.hpp">
      <Filter>ThirdParty\GLM\GLM\gtx</Filter>
    </ClInclude>
    <ClInclude Include="ThirdParty\GLM\GLM\gtx\vector_query.hpp">
      <Filter>ThirdParty\GLM\GLM\gtx</Filter>
    </ClInclude>
    <ClInclude Include="ThirdParty\GLM\GLM\gtx\wrap.hpp">
      <Filter>ThirdParty\GLM\GLM\gtx</Filter>
    </ClInclude>
    <ClInclude Include="ThirdParty\GLM\GLM\integer.hpp">
      <Filter>ThirdParty\GLM\GLM</Filter>
    </ClInclude>
    <ClInclude Include="ThirdParty\GLM\GLM\mat2x2.hpp">
      <Filter>ThirdParty\GLM\GLM</Filter>
    </ClInclude>
    <ClInclude Include="ThirdParty\GLM\GLM\mat2x3.hpp">
      <Filter>ThirdParty\GLM\GLM</Filter>
    </ClInclude>
    <ClInclude Include="ThirdParty\GLM\GLM\mat2x4.hpp">
      <Filter>ThirdParty\GLM\GLM</Filter>
    </ClInclude>
    <ClInclude Include="ThirdParty\GLM\GLM\mat3x2.hpp">
      <Filter>ThirdParty\GLM\GLM</Filter>
    </ClInclude>
    <ClInclude Include="ThirdParty\GLM\GLM\mat3x3.hpp">
      <Filter>ThirdParty\GLM\GLM</Filter>
    </ClInclude>
    <ClInclude Include="ThirdParty\GLM\GLM\mat3x4.hpp">
      <Filter>ThirdParty\GLM\GLM</Filter>
    </ClInclude>
    <ClInclude Include="ThirdParty\GLM\GLM\mat4x2.hpp">
      <Filter>ThirdParty\GLM\GLM</Filter>
    </ClInclude>
    <ClInclude Include="ThirdParty\GLM\GLM\mat4x3.hpp">
      <Filter>ThirdParty\GLM\GLM</Filter>
    </ClInclude>
    <ClInclude Include="ThirdParty\GLM\GLM\mat4x4.hpp">
      <Filter>ThirdParty\GLM\GLM</Filter>
    </ClInclude>
    <ClInclude Include="ThirdParty\GLM\GLM\matrix.hpp">
      <Filter>ThirdParty\GLM\GLM</Filter>
    </ClInclude>
    <ClInclude Include="ThirdParty\GLM\GLM\packing.hpp">
      <Filter>ThirdParty\GLM\GLM</Filter>
    </ClInclude>
    <ClInclude Include="ThirdParty\GLM\GLM\trigonometric.hpp">
      <Filter>ThirdParty\GLM\GLM</Filter>
    </ClInclude>
    <ClInclude Include="ThirdParty\GLM\GLM\vec2.hpp">
      <Filter>ThirdParty\GLM\GLM</Filter>
    </ClInclude>
    <ClInclude Include="ThirdParty\GLM\GLM\vec3.hpp">
      <Filter>ThirdParty\GLM\GLM</Filter>
    </ClInclude>
    <ClInclude Include="ThirdParty\GLM\GLM\vec4.hpp">
      <Filter>ThirdParty\GLM\GLM</Filter>
    </ClInclude>
    <ClInclude Include="ThirdParty\GLM\GLM\vector_relational.hpp">
      <Filter>ThirdParty\GLM\GLM</Filter>
    </ClInclude>
    <ClInclude Include="ThirdParty\SPDLog\bench\utils.h">
      <Filter>ThirdParty\SPDLog\bench</Filter>
    </ClInclude>
    <ClInclude Include="ThirdParty\SPDLog\include\spdlog\async.h">
      <Filter>ThirdParty\SPDLog\include\spdlog</Filter>
    </ClInclude>
    <ClInclude Include="ThirdParty\SPDLog\include\spdlog\async_logger-inl.h">
      <Filter>ThirdParty\SPDLog\include\spdlog</Filter>
    </ClInclude>
    <ClInclude Include="ThirdParty\SPDLog\include\spdlog\async_logger.h">
      <Filter>ThirdParty\SPDLog\include\spdlog</Filter>
    </ClInclude>
    <ClInclude Include="ThirdParty\SPDLog\include\spdlog\cfg\argv.h">
      <Filter>ThirdParty\SPDLog\include\spdlog\cfg</Filter>
    </ClInclude>
    <ClInclude Include="ThirdParty\SPDLog\include\spdlog\cfg\env.h">
      <Filter>ThirdParty\SPDLog\include\spdlog\cfg</Filter>
    </ClInclude>
    <ClInclude Include="ThirdParty\SPDLog\include\spdlog\cfg\helpers-inl.h">
      <Filter>ThirdParty\SPDLog\include\spdlog\cfg</Filter>
    </ClInclude>
    <ClInclude Include="ThirdParty\SPDLog\include\spdlog\cfg\helpers.h">
      <Filter>ThirdParty\SPDLog\include\spdlog\cfg</Filter>
    </ClInclude>
    <ClInclude Include="ThirdParty\SPDLog\include\spdlog\common-inl.h">
      <Filter>ThirdParty\SPDLog\include\spdlog</Filter>
    </ClInclude>
    <ClInclude Include="ThirdParty\SPDLog\include\spdlog\common.h">
      <Filter>ThirdParty\SPDLog\include\spdlog</Filter>
    </ClInclude>
    <ClInclude Include="ThirdParty\SPDLog\include\spdlog\details\backtracer-inl.h">
      <Filter>ThirdParty\SPDLog\include\spdlog\details</Filter>
    </ClInclude>
    <ClInclude Include="ThirdParty\SPDLog\include\spdlog\details\backtracer.h">
      <Filter>ThirdParty\SPDLog\include\spdlog\details</Filter>
    </ClInclude>
    <ClInclude Include="ThirdParty\SPDLog\include\spdlog\details\circular_q.h">
      <Filter>ThirdParty\SPDLog\include\spdlog\details</Filter>
    </ClInclude>
    <ClInclude Include="ThirdParty\SPDLog\include\spdlog\details\console_globals.h">
      <Filter>ThirdParty\SPDLog\include\spdlog\details</Filter>
    </ClInclude>
    <ClInclude Include="ThirdParty\SPDLog\include\spdlog\details\file_helper-inl.h">
      <Filter>ThirdParty\SPDLog\include\spdlog\details</Filter>
    </ClInclude>
    <ClInclude Include="ThirdParty\SPDLog\include\spdlog\details\file_helper.h">
      <Filter>ThirdParty\SPDLog\include\spdlog\details</Filter>
    </ClInclude>
    <ClInclude Include="ThirdParty\SPDLog\include\spdlog\details\fmt_helper.h">
      <Filter>ThirdParty\SPDLog\include\spdlog\details</Filter>
    </ClInclude>
    <ClInclude Include="ThirdParty\SPDLog\include\spdlog\details\log_msg-inl.h">
      <Filter>ThirdParty\SPDLog\include\spdlog\details</Filter>
    </ClInclude>
    <ClInclude Include="ThirdParty\SPDLog\include\spdlog\details\log_msg.h">
      <Filter>ThirdParty\SPDLog\include\spdlog\details</Filter>
    </ClInclude>
    <ClInclude Include="ThirdParty\SPDLog\include\spdlog\details\log_msg_buffer-inl.h">
      <Filter>ThirdParty\SPDLog\include\spdlog\details</Filter>
    </ClInclude>
    <ClInclude Include="ThirdParty\SPDLog\include\spdlog\details\log_msg_buffer.h">
      <Filter>ThirdParty\SPDLog\include\spdlog\details</Filter>
    </ClInclude>
    <ClInclude Include="ThirdParty\SPDLog\include\spdlog\details\mpmc_blocking_q.h">
      <Filter>ThirdParty\SPDLog\include\spdlog\details</Filter>
    </ClInclude>
    <ClInclude Include="ThirdParty\SPDLog\include\spdlog\details\null_mutex.h">
      <Filter>ThirdParty\SPDLog\include\spdlog\details</Filter>
    </ClInclude>
    <ClInclude Include="ThirdParty\SPDLog\include\spdlog\details\os-inl.h">
      <Filter>ThirdParty\SPDLog\include\spdlog\details</Filter>
    </ClInclude>
    <ClInclude Include="ThirdParty\SPDLog\include\spdlog\details\os.h">
      <Filter>ThirdParty\SPDLog\include\spdlog\details</Filter>
    </ClInclude>
    <ClInclude Include="ThirdParty\SPDLog\include\spdlog\details\periodic_worker-inl.h">
      <Filter>ThirdParty\SPDLog\include\spdlog\details</Filter>
    </ClInclude>
    <ClInclude Include="ThirdParty\SPDLog\include\spdlog\details\periodic_worker.h">
      <Filter>ThirdParty\SPDLog\include\spdlog\details</Filter>
    </ClInclude>
    <ClInclude Include="ThirdParty\SPDLog\include\spdlog\details\registry-inl.h">
      <Filter>ThirdParty\SPDLog\include\spdlog\details</Filter>
    </ClInclude>
    <ClInclude Include="ThirdParty\SPDLog\include\spdlog\details\registry.h">
      <Filter>ThirdParty\SPDLog\include\spdlog\details</Filter>
    </ClInclude>
    <ClInclude Include="ThirdParty\SPDLog\include\spdlog\details\synchronous_factory.h">
      <Filter>ThirdParty\SPDLog\include\spdlog\details</Filter>
    </ClInclude>
    <ClInclude Include="ThirdParty\SPDLog\include\spdlog\details\tcp_client-windows.h">
      <Filter>ThirdParty\SPDLog\include\spdlog\details</Filter>
    </ClInclude>
    <ClInclude Include="ThirdParty\SPDLog\include\spdlog\details\tcp_client.h">
      <Filter>ThirdParty\SPDLog\include\spdlog\details</Filter>
    </ClInclude>
    <ClInclude Include="ThirdParty\SPDLog\include\spdlog\details\thread_pool-inl.h">
      <Filter>ThirdParty\SPDLog\include\spdlog\details</Filter>
    </ClInclude>
    <ClInclude Include="ThirdParty\SPDLog\include\spdlog\details\thread_pool.h">
      <Filter>ThirdParty\SPDLog\include\spdlog\details</Filter>
    </ClInclude>
    <ClInclude Include="ThirdParty\SPDLog\include\spdlog\details\udp_client-windows.h">
      <Filter>ThirdParty\SPDLog\include\spdlog\details</Filter>
    </ClInclude>
    <ClInclude Include="ThirdParty\SPDLog\include\spdlog\details\udp_client.h">
      <Filter>ThirdParty\SPDLog\include\spdlog\details</Filter>
    </ClInclude>
    <ClInclude Include="ThirdParty\SPDLog\include\spdlog\details\windows_include.h">
      <Filter>ThirdParty\SPDLog\include\spdlog\details</Filter>
    </ClInclude>
    <ClInclude Include="ThirdParty\SPDLog\include\spdlog\fmt\bin_to_hex.h">
      <Filter>ThirdParty\SPDLog\include\spdlog\fmt</Filter>
    </ClInclude>
    <ClInclude Include="ThirdParty\SPDLog\include\spdlog\fmt\bundled\args.h">
      <Filter>ThirdParty\SPDLog\include\spdlog\fmt\bundled</Filter>
    </ClInclude>
    <ClInclude Include="ThirdParty\SPDLog\include\spdlog\fmt\bundled\base.h">
      <Filter>ThirdParty\SPDLog\include\spdlog\fmt\bundled</Filter>
    </ClInclude>
    <ClInclude Include="ThirdParty\SPDLog\include\spdlog\fmt\bundled\chrono.h">
      <Filter>ThirdParty\SPDLog\include\spdlog\fmt\bundled</Filter>
    </ClInclude>
    <ClInclude Include="ThirdParty\SPDLog\include\spdlog\fmt\bundled\color.h">
      <Filter>ThirdParty\SPDLog\include\spdlog\fmt\bundled</Filter>
    </ClInclude>
    <ClInclude Include="ThirdParty\SPDLog\include\spdlog\fmt\bundled\compile.h">
      <Filter>ThirdParty\SPDLog\include\spdlog\fmt\bundled</Filter>
    </ClInclude>
    <ClInclude Include="ThirdParty\SPDLog\include\spdlog\fmt\bundled\core.h">
      <Filter>ThirdParty\SPDLog\include\spdlog\fmt\bundled</Filter>
    </ClInclude>
    <ClInclude Include="ThirdParty\SPDLog\include\spdlog\fmt\bundled\format-inl.h">
      <Filter>ThirdParty\SPDLog\include\spdlog\fmt\bundled</Filter>
    </ClInclude>
    <ClInclude Include="ThirdParty\SPDLog\include\spdlog\fmt\bundled\format.h">
      <Filter>ThirdParty\SPDLog\include\spdlog\fmt\bundled</Filter>
    </ClInclude>
    <ClInclude Include="ThirdParty\SPDLog\include\spdlog\fmt\bundled\os.h">
      <Filter>ThirdParty\SPDLog\include\spdlog\fmt\bundled</Filter>
    </ClInclude>
    <ClInclude Include="ThirdParty\SPDLog\include\spdlog\fmt\bundled\ostream.h">
      <Filter>ThirdParty\SPDLog\include\spdlog\fmt\bundled</Filter>
    </ClInclude>
    <ClInclude Include="ThirdParty\SPDLog\include\spdlog\fmt\bundled\printf.h">
      <Filter>ThirdParty\SPDLog\include\spdlog\fmt\bundled</Filter>
    </ClInclude>
    <ClInclude Include="ThirdParty\SPDLog\include\spdlog\fmt\bundled\ranges.h">
      <Filter>ThirdParty\SPDLog\include\spdlog\fmt\bundled</Filter>
    </ClInclude>
    <ClInclude Include="ThirdParty\SPDLog\include\spdlog\fmt\bundled\std.h">
      <Filter>ThirdParty\SPDLog\include\spdlog\fmt\bundled</Filter>
    </ClInclude>
    <ClInclude Include="ThirdParty\SPDLog\include\spdlog\fmt\bundled\xchar.h">
      <Filter>ThirdParty\SPDLog\include\spdlog\fmt\bundled</Filter>
    </ClInclude>
    <ClInclude Include="ThirdParty\SPDLog\include\spdlog\fmt\chrono.h">
      <Filter>ThirdParty\SPDLog\include\spdlog\fmt</Filter>
    </ClInclude>
    <ClInclude Include="ThirdParty\SPDLog\include\spdlog\fmt\compile.h">
      <Filter>ThirdParty\SPDLog\include\spdlog\fmt</Filter>
    </ClInclude>
    <ClInclude Include="ThirdParty\SPDLog\include\spdlog\fmt\fmt.h">
      <Filter>ThirdParty\SPDLog\include\spdlog\fmt</Filter>
    </ClInclude>
    <ClInclude Include="ThirdParty\SPDLog\include\spdlog\fmt\ostr.h">
      <Filter>ThirdParty\SPDLog\include\spdlog\fmt</Filter>
    </ClInclude>
    <ClInclude Include="ThirdParty\SPDLog\include\spdlog\fmt\ranges.h">
      <Filter>ThirdParty\SPDLog\include\spdlog\fmt</Filter>
    </ClInclude>
    <ClInclude Include="ThirdParty\SPDLog\include\spdlog\fmt\std.h">
      <Filter>ThirdParty\SPDLog\include\spdlog\fmt</Filter>
    </ClInclude>
    <ClInclude Include="ThirdParty\SPDLog\include\spdlog\fmt\xchar.h">
      <Filter>ThirdParty\SPDLog\include\spdlog\fmt</Filter>
    </ClInclude>
    <ClInclude Include="ThirdParty\SPDLog\include\spdlog\formatter.h">
      <Filter>ThirdParty\SPDLog\include\spdlog</Filter>
    </ClInclude>
    <ClInclude Include="ThirdParty\SPDLog\include\spdlog\fwd.h">
      <Filter>ThirdParty\SPDLog\include\spdlog</Filter>
    </ClInclude>
    <ClInclude Include="ThirdParty\SPDLog\include\spdlog\logger-inl.h">
      <Filter>ThirdParty\SPDLog\include\spdlog</Filter>
    </ClInclude>
    <ClInclude Include="ThirdParty\SPDLog\include\spdlog\logger.h">
      <Filter>ThirdParty\SPDLog\include\spdlog</Filter>
    </ClInclude>
    <ClInclude Include="ThirdParty\SPDLog\include\spdlog\mdc.h">
      <Filter>ThirdParty\SPDLog\include\spdlog</Filter>
    </ClInclude>
    <ClInclude Include="ThirdParty\SPDLog\include\spdlog\pattern_formatter-inl.h">
      <Filter>ThirdParty\SPDLog\include\spdlog</Filter>
    </ClInclude>
    <ClInclude Include="ThirdParty\SPDLog\include\spdlog\pattern_formatter.h">
      <Filter>ThirdParty\SPDLog\include\spdlog</Filter>
    </ClInclude>
    <ClInclude Include="ThirdParty\SPDLog\include\spdlog\sinks\android_sink.h">
      <Filter>ThirdParty\SPDLog\include\spdlog\sinks</Filter>
    </ClInclude>
    <ClInclude Include="ThirdParty\SPDLog\include\spdlog\sinks\ansicolor_sink-inl.h">
      <Filter>ThirdParty\SPDLog\include\spdlog\sinks</Filter>
    </ClInclude>
    <ClInclude Include="ThirdParty\SPDLog\include\spdlog\sinks\ansicolor_sink.h">
      <Filter>ThirdParty\SPDLog\include\spdlog\sinks</Filter>
    </ClInclude>
    <ClInclude Include="ThirdParty\SPDLog\include\spdlog\sinks\base_sink-inl.h">
      <Filter>ThirdParty\SPDLog\include\spdlog\sinks</Filter>
    </ClInclude>
    <ClInclude Include="ThirdParty\SPDLog\include\spdlog\sinks\base_sink.h">
      <Filter>ThirdParty\SPDLog\include\spdlog\sinks</Filter>
    </ClInclude>
    <ClInclude Include="ThirdParty\SPDLog\include\spdlog\sinks\basic_file_sink-inl.h">
      <Filter>ThirdParty\SPDLog\include\spdlog\sinks</Filter>
    </ClInclude>
    <ClInclude Include="ThirdParty\SPDLog\include\spdlog\sinks\basic_file_sink.h">
      <Filter>ThirdParty\SPDLog\include\spdlog\sinks</Filter>
    </ClInclude>
    <ClInclude Include="ThirdParty\SPDLog\include\spdlog\sinks\callback_sink.h">
      <Filter>ThirdParty\SPDLog\include\spdlog\sinks</Filter>
    </ClInclude>
    <ClInclude Include="ThirdParty\SPDLog\include\spdlog\sinks\daily_file_sink.h">
      <Filter>ThirdParty\SPDLog\include\spdlog\sinks</Filter>
    </ClInclude>
    <ClInclude Include="ThirdParty\SPDLog\include\spdlog\sinks\dist_sink.h">
      <Filter>ThirdParty\SPDLog\include\spdlog\sinks</Filter>
    </ClInclude>
    <ClInclude Include="ThirdParty\SPDLog\include\spdlog\sinks\dup_filter_sink.h">
      <Filter>ThirdParty\SPDLog\include\spdlog\sinks</Filter>
    </ClInclude>
    <ClInclude Include="ThirdParty\SPDLog\include\spdlog\sinks\hourly_file_sink.h">
      <Filter>ThirdParty\SPDLog\include\spdlog\sinks</Filter>
    </ClInclude>
    <ClInclude Include="ThirdParty\SPDLog\include\spdlog\sinks\kafka_sink.h">
      <Filter>ThirdParty\SPDLog\include\spdlog\sinks</Filter>
    </ClInclude>
    <ClInclude Include="ThirdParty\SPDLog\include\spdlog\sinks\mongo_sink.h">
      <Filter>ThirdParty\SPDLog\include\spdlog\sinks</Filter>
    </ClInclude>
    <ClInclude Include="ThirdParty\SPDLog\include\spdlog\sinks\msvc_sink.h">
      <Filter>ThirdParty\SPDLog\include\spdlog\sinks</Filter>
    </ClInclude>
    <ClInclude Include="ThirdParty\SPDLog\include\spdlog\sinks\null_sink.h">
      <Filter>ThirdParty\SPDLog\include\spdlog\sinks</Filter>
    </ClInclude>
    <ClInclude Include="ThirdParty\SPDLog\include\spdlog\sinks\ostream_sink.h">
      <Filter>ThirdParty\SPDLog\include\spdlog\sinks</Filter>
    </ClInclude>
    <ClInclude Include="ThirdParty\SPDLog\include\spdlog\sinks\qt_sinks.h">
      <Filter>ThirdParty\SPDLog\include\spdlog\sinks</Filter>
    </ClInclude>
    <ClInclude Include="ThirdParty\SPDLog\include\spdlog\sinks\ringbuffer_sink.h">
      <Filter>ThirdParty\SPDLog\include\spdlog\sinks</Filter>
    </ClInclude>
    <ClInclude Include="ThirdParty\SPDLog\include\spdlog\sinks\rotating_file_sink-inl.h">
      <Filter>ThirdParty\SPDLog\include\spdlog\sinks</Filter>
    </ClInclude>
    <ClInclude Include="ThirdParty\SPDLog\include\spdlog\sinks\rotating_file_sink.h">
      <Filter>ThirdParty\SPDLog\include\spdlog\sinks</Filter>
    </ClInclude>
    <ClInclude Include="ThirdParty\SPDLog\include\spdlog\sinks\sink-inl.h">
      <Filter>ThirdParty\SPDLog\include\spdlog\sinks</Filter>
    </ClInclude>
    <ClInclude Include="ThirdParty\SPDLog\include\spdlog\sinks\sink.h">
      <Filter>ThirdParty\SPDLog\include\spdlog\sinks</Filter>
    </ClInclude>
    <ClInclude Include="ThirdParty\SPDLog\include\spdlog\sinks\stdout_color_sinks-inl.h">
      <Filter>ThirdParty\SPDLog\include\spdlog\sinks</Filter>
    </ClInclude>
    <ClInclude Include="ThirdParty\SPDLog\include\spdlog\sinks\stdout_color_sinks.h">
      <Filter>ThirdParty\SPDLog\include\spdlog\sinks</Filter>
    </ClInclude>
    <ClInclude Include="ThirdParty\SPDLog\include\spdlog\sinks\stdout_sinks-inl.h">
      <Filter>ThirdParty\SPDLog\include\spdlog\sinks</Filter>
    </ClInclude>
    <ClInclude Include="ThirdParty\SPDLog\include\spdlog\sinks\stdout_sinks.h">
      <Filter>ThirdParty\SPDLog\include\spdlog\sinks</Filter>
    </ClInclude>
    <ClInclude Include="ThirdParty\SPDLog\include\spdlog\sinks\syslog_sink.h">
      <Filter>ThirdParty\SPDLog\include\spdlog\sinks</Filter>
    </ClInclude>
    <ClInclude Include="ThirdParty\SPDLog\include\spdlog\sinks\systemd_sink.h">
      <Filter>ThirdParty\SPDLog\include\spdlog\sinks</Filter>
    </ClInclude>
    <ClInclude Include="ThirdParty\SPDLog\include\spdlog\sinks\tcp_sink.h">
      <Filter>ThirdParty\SPDLog\include\spdlog\sinks</Filter>
    </ClInclude>
    <ClInclude Include="ThirdParty\SPDLog\include\spdlog\sinks\udp_sink.h">
      <Filter>ThirdParty\SPDLog\include\spdlog\sinks</Filter>
    </ClInclude>
    <ClInclude Include="ThirdParty\SPDLog\include\spdlog\sinks\win_eventlog_sink.h">
      <Filter>ThirdParty\SPDLog\include\spdlog\sinks</Filter>
    </ClInclude>
    <ClInclude Include="ThirdParty\SPDLog\include\spdlog\sinks\wincolor_sink-inl.h">
      <Filter>ThirdParty\SPDLog\include\spdlog\sinks</Filter>
    </ClInclude>
    <ClInclude Include="ThirdParty\SPDLog\include\spdlog\sinks\wincolor_sink.h">
      <Filter>ThirdParty\SPDLog\include\spdlog\sinks</Filter>
    </ClInclude>
    <ClInclude Include="ThirdParty\SPDLog\include\spdlog\spdlog-inl.h">
      <Filter>ThirdParty\SPDLog\include\spdlog</Filter>
    </ClInclude>
    <ClInclude Include="ThirdParty\SPDLog\include\spdlog\spdlog.h">
      <Filter>ThirdParty\SPDLog\include\spdlog</Filter>
    </ClInclude>
    <ClInclude Include="ThirdParty\SPDLog\include\spdlog\stopwatch.h">
      <Filter>ThirdParty\SPDLog\include\spdlog</Filter>
    </ClInclude>
    <ClInclude Include="ThirdParty\SPDLog\include\spdlog\tweakme.h">
      <Filter>ThirdParty\SPDLog\include\spdlog</Filter>
    </ClInclude>
    <ClInclude Include="ThirdParty\SPDLog\include\spdlog\version.h">
      <Filter>ThirdParty\SPDLog\include\spdlog</Filter>
    </ClInclude>
    <ClInclude Include="ThirdParty\SPDLog\tests\includes.h">
      <Filter>ThirdParty\SPDLog\tests</Filter>
    </ClInclude>
    <ClInclude Include="ThirdParty\SPDLog\tests\test_sink.h">
      <Filter>ThirdParty\SPDLog\tests</Filter>
    </ClInclude>
    <ClInclude Include="ThirdParty\SPDLog\tests\utils.h">
      <Filter>ThirdParty\SPDLog\tests</Filter>
    </ClInclude>
    <ClInclude Include="ThirdParty\STBImage\include\stb_image.h">
      <Filter>ThirdParty\STBImage\include</Filter>
    </ClInclude>
  </ItemGroup>
  <ItemGroup>
    <ClCompile Include="..\Intermediate\Generated\Components_RGen.cpp">
      <Filter>Intermediate\Generated</Filter>
    </ClCompile>
    <ClCompile Include="..\Intermediate\Generated\Entity_RGen.cpp">
      <Filter>Intermediate\Generated</Filter>
    </ClCompile>
    <ClCompile Include="EnginePCH.cpp" />
    <ClCompile Include="Source\Core\Asset\GLTFImporter.cpp">
      <Filter>Source\Core\Asset</Filter>
    </ClCompile>
    <ClCompile Include="Source\Core\EngineApp.cpp">
      <Filter>Source\Core</Filter>
    </ClCompile>
    <ClCompile Include="Source\Core\Filesystem.cpp">
      <Filter>Source\Core</Filter>
    </ClCompile>
    <ClCompile Include="Source\Core\Layers\Layer.cpp">
      <Filter>Source\Core\Layers</Filter>
    </ClCompile>
    <ClCompile Include="Source\Core\Layers\LayerStack.cpp">
      <Filter>Source\Core\Layers</Filter>
    </ClCompile>
    <ClCompile Include="Source\Core\Rendering\Camera.cpp">
      <Filter>Source\Core\Rendering</Filter>
    </ClCompile>
    <ClCompile Include="Source\Core\Rendering\Device.cpp">
      <Filter>Source\Core\Rendering</Filter>
    </ClCompile>
    <ClCompile Include="Source\Core\Rendering\Mesh.cpp">
      <Filter>Source\Core\Rendering</Filter>
    </ClCompile>
    <ClCompile Include="Source\Core\Rendering\PrimitiveRenderer.cpp">
      <Filter>Source\Core\Rendering</Filter>
    </ClCompile>
    <ClCompile Include="Source\Core\Rendering\Renderer.cpp">
      <Filter>Source\Core\Rendering</Filter>
    </ClCompile>
    <ClCompile Include="Source\Core\Rendering\RendererAPI.cpp">
      <Filter>Source\Core\Rendering</Filter>
    </ClCompile>
    <ClCompile Include="Source\Core\Rendering\Shader.cpp">
      <Filter>Source\Core\Rendering</Filter>
    </ClCompile>
    <ClCompile Include="Source\Core\Scene\Entity.cpp">
      <Filter>Source\Core\Scene</Filter>
    </ClCompile>
    <ClCompile Include="Source\Core\Scene\Scene.cpp">
      <Filter>Source\Core\Scene</Filter>
    </ClCompile>
    <ClCompile Include="Source\Core\Scene\SceneSerializer.cpp">
      <Filter>Source\Core\Scene</Filter>
    </ClCompile>
    <ClCompile Include="Source\Core\UUID.cpp">
      <Filter>Source\Core</Filter>
    </ClCompile>
    <ClCompile Include="Source\Core\Utils\Log.cpp">
      <Filter>Source\Core\Utils</Filter>
    </ClCompile>
    <ClCompile Include="Source\Core\Utils\Utils.cpp">
      <Filter>Source\Core\Utils</Filter>
    </ClCompile>
    <ClCompile Include="Source\GUI\EngineGUI.cpp">
      <Filter>Source\GUI</Filter>
    </ClCompile>
    <ClCompile Include="Source\Platforms\RHI\Vulkan\BufferVK.cpp">
      <Filter>Source\Platforms\RHI\Vulkan</Filter>
    </ClCompile>
    <ClCompile Include="Source\Platforms\RHI\Vulkan\CommandStructureVK.cpp">
      <Filter>Source\Platforms\RHI\Vulkan</Filter>
    </ClCompile>
    <ClCompile Include="Source\Platforms\RHI\Vulkan\ComputePipelineVK.cpp">
      <Filter>Source\Platforms\RHI\Vulkan</Filter>
    </ClCompile>
    <ClCompile Include="Source\Platforms\RHI\Vulkan\DescriptorSetsVK.cpp">
      <Filter>Source\Platforms\RHI\Vulkan</Filter>
    </ClCompile>
    <ClCompile Include="Source\Platforms\RHI\Vulkan\DeviceVK.cpp">
      <Filter>Source\Platforms\RHI\Vulkan</Filter>
    </ClCompile>
    <ClCompile Include="Source\Platforms\RHI\Vulkan\GraphicsPipelineVK.cpp">
      <Filter>Source\Platforms\RHI\Vulkan</Filter>
    </ClCompile>
    <ClCompile Include="Source\Platforms\RHI\Vulkan\ImGUIVK.cpp">
      <Filter>Source\Platforms\RHI\Vulkan</Filter>
    </ClCompile>
    <ClCompile Include="Source\Platforms\RHI\Vulkan\ImageVK.cpp">
      <Filter>Source\Platforms\RHI\Vulkan</Filter>
    </ClCompile>
    <ClCompile Include="Source\Platforms\RHI\Vulkan\MaterialVK.cpp">
      <Filter>Source\Platforms\RHI\Vulkan</Filter>
    </ClCompile>
    <ClCompile Include="Source\Platforms\RHI\Vulkan\MeshVK.cpp">
      <Filter>Source\Platforms\RHI\Vulkan</Filter>
    </ClCompile>
    <ClCompile Include="Source\Platforms\RHI\Vulkan\PrimitiveRendererVK.cpp">
      <Filter>Source\Platforms\RHI\Vulkan</Filter>
    </ClCompile>
    <ClCompile Include="Source\Platforms\RHI\Vulkan\RendererVK.cpp">
      <Filter>Source\Platforms\RHI\Vulkan</Filter>
    </ClCompile>
    <ClCompile Include="Source\Platforms\RHI\Vulkan\ShaderVK.cpp">
      <Filter>Source\Platforms\RHI\Vulkan</Filter>
    </ClCompile>
    <ClCompile Include="Source\Platforms\RHI\Vulkan\SwapchainVK.cpp">
      <Filter>Source\Platforms\RHI\Vulkan</Filter>
    </ClCompile>
    <ClCompile Include="Source\Platforms\RHI\Vulkan\UtilsVK.cpp">
      <Filter>Source\Platforms\RHI\Vulkan</Filter>
    </ClCompile>
    <ClCompile Include="Source\Platforms\RHI\Vulkan\vkbootstrap\VkBootstrap.cpp">
      <Filter>Source\Platforms\RHI\Vulkan\vkbootstrap</Filter>
    </ClCompile>
    <ClCompile Include="Source\Platforms\RHI\Vulkan\vmaimpl.cpp">
      <Filter>Source\Platforms\RHI\Vulkan</Filter>
    </ClCompile>
    <ClCompile Include="Source\Platforms\WindInput.cpp">
      <Filter>Source\Platforms</Filter>
    </ClCompile>
    <ClCompile Include="Source\Platforms\WindWindow.cpp">
      <Filter>Source\Platforms</Filter>
    </ClCompile>
  </ItemGroup>
</Project>